// !$*UTF8*$!
{
	archiveVersion = 1;
	classes = {
	};
	objectVersion = 56;
	objects = {

/* Begin PBXBuildFile section */
		A3289FEB29A295AA00736839 /* Campus_MapApp.swift in Sources */ = {isa = PBXBuildFile; fileRef = A3289FEA29A295AA00736839 /* Campus_MapApp.swift */; };
		A3289FED29A295AA00736839 /* ContentView.swift in Sources */ = {isa = PBXBuildFile; fileRef = A3289FEC29A295AA00736839 /* ContentView.swift */; };
		A3289FEF29A295AA00736839 /* Assets.xcassets in Resources */ = {isa = PBXBuildFile; fileRef = A3289FEE29A295AA00736839 /* Assets.xcassets */; };
		A3289FF229A295AA00736839 /* Preview Assets.xcassets in Resources */ = {isa = PBXBuildFile; fileRef = A3289FF129A295AA00736839 /* Preview Assets.xcassets */; };
		A3289FFC29A295AA00736839 /* Campus_MapTests.swift in Sources */ = {isa = PBXBuildFile; fileRef = A3289FFB29A295AA00736839 /* Campus_MapTests.swift */; };
		A328A00629A295AA00736839 /* Campus_MapUITests.swift in Sources */ = {isa = PBXBuildFile; fileRef = A328A00529A295AA00736839 /* Campus_MapUITests.swift */; };
		A328A00829A295AA00736839 /* Campus_MapUITestsLaunchTests.swift in Sources */ = {isa = PBXBuildFile; fileRef = A328A00729A295AA00736839 /* Campus_MapUITestsLaunchTests.swift */; };
		A328A01829A2961F00736839 /* Buildings.json in Resources */ = {isa = PBXBuildFile; fileRef = A328A01729A2961F00736839 /* Buildings.json */; };
		A328A01A29A2B00D00736839 /* Building.swift in Sources */ = {isa = PBXBuildFile; fileRef = A328A01929A2B00D00736839 /* Building.swift */; };
		A328A01C29A2B0E900736839 /* LocationModel.swift in Sources */ = {isa = PBXBuildFile; fileRef = A328A01B29A2B0E900736839 /* LocationModel.swift */; };
		A328A01E29A2B18D00736839 /* Spot.swift in Sources */ = {isa = PBXBuildFile; fileRef = A328A01D29A2B18D00736839 /* Spot.swift */; };
		A328A02029A2BA0600736839 /* MapManager.swift in Sources */ = {isa = PBXBuildFile; fileRef = A328A01F29A2BA0600736839 /* MapManager.swift */; };
		A328A02229A2BBE200736839 /* Place.swift in Sources */ = {isa = PBXBuildFile; fileRef = A328A02129A2BBE200736839 /* Place.swift */; };
		A328A02729A2C40E00736839 /* CampusMapView.swift in Sources */ = {isa = PBXBuildFile; fileRef = A328A02629A2C40E00736839 /* CampusMapView.swift */; };
		A328A02929A2C4BB00736839 /* CampusMapView+Annotations.swift in Sources */ = {isa = PBXBuildFile; fileRef = A328A02829A2C4BB00736839 /* CampusMapView+Annotations.swift */; };
		A328A02B29A2C56800736839 /* PlaceDetailsView.swift in Sources */ = {isa = PBXBuildFile; fileRef = A328A02A29A2C56800736839 /* PlaceDetailsView.swift */; };
		A3556FF429A95DDF00047525 /* MapManager+Location.swift in Sources */ = {isa = PBXBuildFile; fileRef = A3556FF329A95DDF00047525 /* MapManager+Location.swift */; };
		A3556FF729AC1C5400047525 /* RouteDetailView.swift in Sources */ = {isa = PBXBuildFile; fileRef = A3556FF629AC1C5400047525 /* RouteDetailView.swift */; };
		A390BC0229BFD1AD00D0AE5D /* UIMap.swift in Sources */ = {isa = PBXBuildFile; fileRef = A390BC0129BFD1AD00D0AE5D /* UIMap.swift */; };
		A390BC0429BFD2EC00D0AE5D /* MapCoordinator.swift in Sources */ = {isa = PBXBuildFile; fileRef = A390BC0329BFD2EC00D0AE5D /* MapCoordinator.swift */; };
		A390BC0629BFF26300D0AE5D /* DroppedPin.swift in Sources */ = {isa = PBXBuildFile; fileRef = A390BC0529BFF26300D0AE5D /* DroppedPin.swift */; };
/* End PBXBuildFile section */

/* Begin PBXContainerItemProxy section */
		A3289FF829A295AA00736839 /* PBXContainerItemProxy */ = {
			isa = PBXContainerItemProxy;
			containerPortal = A3289FDF29A295AA00736839 /* Project object */;
			proxyType = 1;
			remoteGlobalIDString = A3289FE629A295AA00736839;
			remoteInfo = "Campus Map";
		};
		A328A00229A295AA00736839 /* PBXContainerItemProxy */ = {
			isa = PBXContainerItemProxy;
			containerPortal = A3289FDF29A295AA00736839 /* Project object */;
			proxyType = 1;
			remoteGlobalIDString = A3289FE629A295AA00736839;
			remoteInfo = "Campus Map";
		};
/* End PBXContainerItemProxy section */

/* Begin PBXFileReference section */
		A3289FE729A295AA00736839 /* Campus Map.app */ = {isa = PBXFileReference; explicitFileType = wrapper.application; includeInIndex = 0; path = "Campus Map.app"; sourceTree = BUILT_PRODUCTS_DIR; };
		A3289FEA29A295AA00736839 /* Campus_MapApp.swift */ = {isa = PBXFileReference; lastKnownFileType = sourcecode.swift; path = Campus_MapApp.swift; sourceTree = "<group>"; };
		A3289FEC29A295AA00736839 /* ContentView.swift */ = {isa = PBXFileReference; lastKnownFileType = sourcecode.swift; path = ContentView.swift; sourceTree = "<group>"; };
		A3289FEE29A295AA00736839 /* Assets.xcassets */ = {isa = PBXFileReference; lastKnownFileType = folder.assetcatalog; path = Assets.xcassets; sourceTree = "<group>"; };
		A3289FF129A295AA00736839 /* Preview Assets.xcassets */ = {isa = PBXFileReference; lastKnownFileType = folder.assetcatalog; path = "Preview Assets.xcassets"; sourceTree = "<group>"; };
		A3289FF729A295AA00736839 /* Campus MapTests.xctest */ = {isa = PBXFileReference; explicitFileType = wrapper.cfbundle; includeInIndex = 0; path = "Campus MapTests.xctest"; sourceTree = BUILT_PRODUCTS_DIR; };
		A3289FFB29A295AA00736839 /* Campus_MapTests.swift */ = {isa = PBXFileReference; lastKnownFileType = sourcecode.swift; path = Campus_MapTests.swift; sourceTree = "<group>"; };
		A328A00129A295AA00736839 /* Campus MapUITests.xctest */ = {isa = PBXFileReference; explicitFileType = wrapper.cfbundle; includeInIndex = 0; path = "Campus MapUITests.xctest"; sourceTree = BUILT_PRODUCTS_DIR; };
		A328A00529A295AA00736839 /* Campus_MapUITests.swift */ = {isa = PBXFileReference; lastKnownFileType = sourcecode.swift; path = Campus_MapUITests.swift; sourceTree = "<group>"; };
		A328A00729A295AA00736839 /* Campus_MapUITestsLaunchTests.swift */ = {isa = PBXFileReference; lastKnownFileType = sourcecode.swift; path = Campus_MapUITestsLaunchTests.swift; sourceTree = "<group>"; };
		A328A01729A2961F00736839 /* Buildings.json */ = {isa = PBXFileReference; lastKnownFileType = text.json; path = Buildings.json; sourceTree = "<group>"; };
		A328A01929A2B00D00736839 /* Building.swift */ = {isa = PBXFileReference; lastKnownFileType = sourcecode.swift; path = Building.swift; sourceTree = "<group>"; };
		A328A01B29A2B0E900736839 /* LocationModel.swift */ = {isa = PBXFileReference; lastKnownFileType = sourcecode.swift; path = LocationModel.swift; sourceTree = "<group>"; };
		A328A01D29A2B18D00736839 /* Spot.swift */ = {isa = PBXFileReference; lastKnownFileType = sourcecode.swift; path = Spot.swift; sourceTree = "<group>"; };
		A328A01F29A2BA0600736839 /* MapManager.swift */ = {isa = PBXFileReference; lastKnownFileType = sourcecode.swift; path = MapManager.swift; sourceTree = "<group>"; };
		A328A02129A2BBE200736839 /* Place.swift */ = {isa = PBXFileReference; lastKnownFileType = sourcecode.swift; path = Place.swift; sourceTree = "<group>"; };
		A328A02629A2C40E00736839 /* CampusMapView.swift */ = {isa = PBXFileReference; lastKnownFileType = sourcecode.swift; path = CampusMapView.swift; sourceTree = "<group>"; };
		A328A02829A2C4BB00736839 /* CampusMapView+Annotations.swift */ = {isa = PBXFileReference; lastKnownFileType = sourcecode.swift; path = "CampusMapView+Annotations.swift"; sourceTree = "<group>"; };
		A328A02A29A2C56800736839 /* PlaceDetailsView.swift */ = {isa = PBXFileReference; lastKnownFileType = sourcecode.swift; path = PlaceDetailsView.swift; sourceTree = "<group>"; };
		A3556FF329A95DDF00047525 /* MapManager+Location.swift */ = {isa = PBXFileReference; lastKnownFileType = sourcecode.swift; path = "MapManager+Location.swift"; sourceTree = "<group>"; };
		A3556FF529A964C300047525 /* SCWalk.gpx */ = {isa = PBXFileReference; lastKnownFileType = text.xml; path = SCWalk.gpx; sourceTree = "<group>"; };
		A3556FF629AC1C5400047525 /* RouteDetailView.swift */ = {isa = PBXFileReference; lastKnownFileType = sourcecode.swift; path = RouteDetailView.swift; sourceTree = "<group>"; };
		A390BC0129BFD1AD00D0AE5D /* UIMap.swift */ = {isa = PBXFileReference; lastKnownFileType = sourcecode.swift; path = UIMap.swift; sourceTree = "<group>"; };
		A390BC0329BFD2EC00D0AE5D /* MapCoordinator.swift */ = {isa = PBXFileReference; lastKnownFileType = sourcecode.swift; path = MapCoordinator.swift; sourceTree = "<group>"; };
		A390BC0529BFF26300D0AE5D /* DroppedPin.swift */ = {isa = PBXFileReference; lastKnownFileType = sourcecode.swift; path = DroppedPin.swift; sourceTree = "<group>"; };
/* End PBXFileReference section */

/* Begin PBXFrameworksBuildPhase section */
		A3289FE429A295AA00736839 /* Frameworks */ = {
			isa = PBXFrameworksBuildPhase;
			buildActionMask = 2147483647;
			files = (
			);
			runOnlyForDeploymentPostprocessing = 0;
		};
		A3289FF429A295AA00736839 /* Frameworks */ = {
			isa = PBXFrameworksBuildPhase;
			buildActionMask = 2147483647;
			files = (
			);
			runOnlyForDeploymentPostprocessing = 0;
		};
		A3289FFE29A295AA00736839 /* Frameworks */ = {
			isa = PBXFrameworksBuildPhase;
			buildActionMask = 2147483647;
			files = (
			);
			runOnlyForDeploymentPostprocessing = 0;
		};
/* End PBXFrameworksBuildPhase section */

/* Begin PBXGroup section */
		A3289FDE29A295A900736839 = {
			isa = PBXGroup;
			children = (
				A3289FE929A295AA00736839 /* Campus Map */,
				A3289FFA29A295AA00736839 /* Campus MapTests */,
				A328A00429A295AA00736839 /* Campus MapUITests */,
				A3289FE829A295AA00736839 /* Products */,
			);
			sourceTree = "<group>";
		};
		A3289FE829A295AA00736839 /* Products */ = {
			isa = PBXGroup;
			children = (
				A3289FE729A295AA00736839 /* Campus Map.app */,
				A3289FF729A295AA00736839 /* Campus MapTests.xctest */,
				A328A00129A295AA00736839 /* Campus MapUITests.xctest */,
			);
			name = Products;
			sourceTree = "<group>";
		};
		A3289FE929A295AA00736839 /* Campus Map */ = {
			isa = PBXGroup;
			children = (
				A3289FEA29A295AA00736839 /* Campus_MapApp.swift */,
				A328A01629A295EA00736839 /* ViewModel */,
				A328A01529A295E300736839 /* Model */,
				A328A01429A295D300736839 /* Views */,
				A3289FEE29A295AA00736839 /* Assets.xcassets */,
				A3289FF029A295AA00736839 /* Preview Content */,
			);
			path = "Campus Map";
			sourceTree = "<group>";
		};
		A3289FF029A295AA00736839 /* Preview Content */ = {
			isa = PBXGroup;
			children = (
				A3289FF129A295AA00736839 /* Preview Assets.xcassets */,
			);
			path = "Preview Content";
			sourceTree = "<group>";
		};
		A3289FFA29A295AA00736839 /* Campus MapTests */ = {
			isa = PBXGroup;
			children = (
				A3289FFB29A295AA00736839 /* Campus_MapTests.swift */,
			);
			path = "Campus MapTests";
			sourceTree = "<group>";
		};
		A328A00429A295AA00736839 /* Campus MapUITests */ = {
			isa = PBXGroup;
			children = (
				A328A00529A295AA00736839 /* Campus_MapUITests.swift */,
				A328A00729A295AA00736839 /* Campus_MapUITestsLaunchTests.swift */,
			);
			path = "Campus MapUITests";
			sourceTree = "<group>";
		};
		A328A01429A295D300736839 /* Views */ = {
			isa = PBXGroup;
			children = (
				A3289FEC29A295AA00736839 /* ContentView.swift */,
				A328A02629A2C40E00736839 /* CampusMapView.swift */,
				A328A02829A2C4BB00736839 /* CampusMapView+Annotations.swift */,
				A328A02A29A2C56800736839 /* PlaceDetailsView.swift */,
				A3556FF629AC1C5400047525 /* RouteDetailView.swift */,
				A390BC0129BFD1AD00D0AE5D /* UIMap.swift */,
				A390BC0329BFD2EC00D0AE5D /* MapCoordinator.swift */,
			);
			path = Views;
			sourceTree = "<group>";
		};
		A328A01529A295E300736839 /* Model */ = {
			isa = PBXGroup;
			children = (
				A328A01729A2961F00736839 /* Buildings.json */,
				A328A01929A2B00D00736839 /* Building.swift */,
				A328A01B29A2B0E900736839 /* LocationModel.swift */,
				A328A01D29A2B18D00736839 /* Spot.swift */,
				A3556FF529A964C300047525 /* SCWalk.gpx */,
			);
			path = Model;
			sourceTree = "<group>";
		};
		A328A01629A295EA00736839 /* ViewModel */ = {
			isa = PBXGroup;
			children = (
				A328A01F29A2BA0600736839 /* MapManager.swift */,
				A328A02129A2BBE200736839 /* Place.swift */,
				A3556FF329A95DDF00047525 /* MapManager+Location.swift */,
				A390BC0529BFF26300D0AE5D /* DroppedPin.swift */,
			);
			path = ViewModel;
			sourceTree = "<group>";
		};
/* End PBXGroup section */

/* Begin PBXNativeTarget section */
		A3289FE629A295AA00736839 /* Campus Map */ = {
			isa = PBXNativeTarget;
			buildConfigurationList = A328A00B29A295AA00736839 /* Build configuration list for PBXNativeTarget "Campus Map" */;
			buildPhases = (
				A3289FE329A295AA00736839 /* Sources */,
				A3289FE429A295AA00736839 /* Frameworks */,
				A3289FE529A295AA00736839 /* Resources */,
			);
			buildRules = (
			);
			dependencies = (
			);
			name = "Campus Map";
			productName = "Campus Map";
			productReference = A3289FE729A295AA00736839 /* Campus Map.app */;
			productType = "com.apple.product-type.application";
		};
		A3289FF629A295AA00736839 /* Campus MapTests */ = {
			isa = PBXNativeTarget;
			buildConfigurationList = A328A00E29A295AA00736839 /* Build configuration list for PBXNativeTarget "Campus MapTests" */;
			buildPhases = (
				A3289FF329A295AA00736839 /* Sources */,
				A3289FF429A295AA00736839 /* Frameworks */,
				A3289FF529A295AA00736839 /* Resources */,
			);
			buildRules = (
			);
			dependencies = (
				A3289FF929A295AA00736839 /* PBXTargetDependency */,
			);
			name = "Campus MapTests";
			productName = "Campus MapTests";
			productReference = A3289FF729A295AA00736839 /* Campus MapTests.xctest */;
			productType = "com.apple.product-type.bundle.unit-test";
		};
		A328A00029A295AA00736839 /* Campus MapUITests */ = {
			isa = PBXNativeTarget;
			buildConfigurationList = A328A01129A295AA00736839 /* Build configuration list for PBXNativeTarget "Campus MapUITests" */;
			buildPhases = (
				A3289FFD29A295AA00736839 /* Sources */,
				A3289FFE29A295AA00736839 /* Frameworks */,
				A3289FFF29A295AA00736839 /* Resources */,
			);
			buildRules = (
			);
			dependencies = (
				A328A00329A295AA00736839 /* PBXTargetDependency */,
			);
			name = "Campus MapUITests";
			productName = "Campus MapUITests";
			productReference = A328A00129A295AA00736839 /* Campus MapUITests.xctest */;
			productType = "com.apple.product-type.bundle.ui-testing";
		};
/* End PBXNativeTarget section */

/* Begin PBXProject section */
		A3289FDF29A295AA00736839 /* Project object */ = {
			isa = PBXProject;
			attributes = {
				BuildIndependentTargetsInParallel = 1;
				LastSwiftUpdateCheck = 1420;
				LastUpgradeCheck = 1420;
				TargetAttributes = {
					A3289FE629A295AA00736839 = {
						CreatedOnToolsVersion = 14.2;
					};
					A3289FF629A295AA00736839 = {
						CreatedOnToolsVersion = 14.2;
						TestTargetID = A3289FE629A295AA00736839;
					};
					A328A00029A295AA00736839 = {
						CreatedOnToolsVersion = 14.2;
						TestTargetID = A3289FE629A295AA00736839;
					};
				};
			};
			buildConfigurationList = A3289FE229A295AA00736839 /* Build configuration list for PBXProject "Campus Map" */;
			compatibilityVersion = "Xcode 14.0";
			developmentRegion = en;
			hasScannedForEncodings = 0;
			knownRegions = (
				en,
				Base,
			);
			mainGroup = A3289FDE29A295A900736839;
			productRefGroup = A3289FE829A295AA00736839 /* Products */;
			projectDirPath = "";
			projectRoot = "";
			targets = (
				A3289FE629A295AA00736839 /* Campus Map */,
				A3289FF629A295AA00736839 /* Campus MapTests */,
				A328A00029A295AA00736839 /* Campus MapUITests */,
			);
		};
/* End PBXProject section */

/* Begin PBXResourcesBuildPhase section */
		A3289FE529A295AA00736839 /* Resources */ = {
			isa = PBXResourcesBuildPhase;
			buildActionMask = 2147483647;
			files = (
				A3289FF229A295AA00736839 /* Preview Assets.xcassets in Resources */,
				A3289FEF29A295AA00736839 /* Assets.xcassets in Resources */,
				A328A01829A2961F00736839 /* Buildings.json in Resources */,
			);
			runOnlyForDeploymentPostprocessing = 0;
		};
		A3289FF529A295AA00736839 /* Resources */ = {
			isa = PBXResourcesBuildPhase;
			buildActionMask = 2147483647;
			files = (
			);
			runOnlyForDeploymentPostprocessing = 0;
		};
		A3289FFF29A295AA00736839 /* Resources */ = {
			isa = PBXResourcesBuildPhase;
			buildActionMask = 2147483647;
			files = (
			);
			runOnlyForDeploymentPostprocessing = 0;
		};
/* End PBXResourcesBuildPhase section */

/* Begin PBXSourcesBuildPhase section */
		A3289FE329A295AA00736839 /* Sources */ = {
			isa = PBXSourcesBuildPhase;
			buildActionMask = 2147483647;
			files = (
				A328A02929A2C4BB00736839 /* CampusMapView+Annotations.swift in Sources */,
				A3556FF729AC1C5400047525 /* RouteDetailView.swift in Sources */,
				A328A02B29A2C56800736839 /* PlaceDetailsView.swift in Sources */,
				A328A02729A2C40E00736839 /* CampusMapView.swift in Sources */,
				A328A01C29A2B0E900736839 /* LocationModel.swift in Sources */,
				A390BC0629BFF26300D0AE5D /* DroppedPin.swift in Sources */,
				A3289FED29A295AA00736839 /* ContentView.swift in Sources */,
				A328A01E29A2B18D00736839 /* Spot.swift in Sources */,
				A390BC0229BFD1AD00D0AE5D /* UIMap.swift in Sources */,
				A3556FF429A95DDF00047525 /* MapManager+Location.swift in Sources */,
				A390BC0429BFD2EC00D0AE5D /* MapCoordinator.swift in Sources */,
				A328A01A29A2B00D00736839 /* Building.swift in Sources */,
				A328A02029A2BA0600736839 /* MapManager.swift in Sources */,
				A328A02229A2BBE200736839 /* Place.swift in Sources */,
				A3289FEB29A295AA00736839 /* Campus_MapApp.swift in Sources */,
			);
			runOnlyForDeploymentPostprocessing = 0;
		};
		A3289FF329A295AA00736839 /* Sources */ = {
			isa = PBXSourcesBuildPhase;
			buildActionMask = 2147483647;
			files = (
				A3289FFC29A295AA00736839 /* Campus_MapTests.swift in Sources */,
			);
			runOnlyForDeploymentPostprocessing = 0;
		};
		A3289FFD29A295AA00736839 /* Sources */ = {
			isa = PBXSourcesBuildPhase;
			buildActionMask = 2147483647;
			files = (
				A328A00829A295AA00736839 /* Campus_MapUITestsLaunchTests.swift in Sources */,
				A328A00629A295AA00736839 /* Campus_MapUITests.swift in Sources */,
			);
			runOnlyForDeploymentPostprocessing = 0;
		};
/* End PBXSourcesBuildPhase section */

/* Begin PBXTargetDependency section */
		A3289FF929A295AA00736839 /* PBXTargetDependency */ = {
			isa = PBXTargetDependency;
			target = A3289FE629A295AA00736839 /* Campus Map */;
			targetProxy = A3289FF829A295AA00736839 /* PBXContainerItemProxy */;
		};
		A328A00329A295AA00736839 /* PBXTargetDependency */ = {
			isa = PBXTargetDependency;
			target = A3289FE629A295AA00736839 /* Campus Map */;
			targetProxy = A328A00229A295AA00736839 /* PBXContainerItemProxy */;
		};
/* End PBXTargetDependency section */

/* Begin XCBuildConfiguration section */
		A328A00929A295AA00736839 /* Debug */ = {
			isa = XCBuildConfiguration;
			buildSettings = {
				ALWAYS_SEARCH_USER_PATHS = NO;
				CLANG_ANALYZER_NONNULL = YES;
				CLANG_ANALYZER_NUMBER_OBJECT_CONVERSION = YES_AGGRESSIVE;
				CLANG_CXX_LANGUAGE_STANDARD = "gnu++20";
				CLANG_ENABLE_MODULES = YES;
				CLANG_ENABLE_OBJC_ARC = YES;
				CLANG_ENABLE_OBJC_WEAK = YES;
				CLANG_WARN_BLOCK_CAPTURE_AUTORELEASING = YES;
				CLANG_WARN_BOOL_CONVERSION = YES;
				CLANG_WARN_COMMA = YES;
				CLANG_WARN_CONSTANT_CONVERSION = YES;
				CLANG_WARN_DEPRECATED_OBJC_IMPLEMENTATIONS = YES;
				CLANG_WARN_DIRECT_OBJC_ISA_USAGE = YES_ERROR;
				CLANG_WARN_DOCUMENTATION_COMMENTS = YES;
				CLANG_WARN_EMPTY_BODY = YES;
				CLANG_WARN_ENUM_CONVERSION = YES;
				CLANG_WARN_INFINITE_RECURSION = YES;
				CLANG_WARN_INT_CONVERSION = YES;
				CLANG_WARN_NON_LITERAL_NULL_CONVERSION = YES;
				CLANG_WARN_OBJC_IMPLICIT_RETAIN_SELF = YES;
				CLANG_WARN_OBJC_LITERAL_CONVERSION = YES;
				CLANG_WARN_OBJC_ROOT_CLASS = YES_ERROR;
				CLANG_WARN_QUOTED_INCLUDE_IN_FRAMEWORK_HEADER = YES;
				CLANG_WARN_RANGE_LOOP_ANALYSIS = YES;
				CLANG_WARN_STRICT_PROTOTYPES = YES;
				CLANG_WARN_SUSPICIOUS_MOVE = YES;
				CLANG_WARN_UNGUARDED_AVAILABILITY = YES_AGGRESSIVE;
				CLANG_WARN_UNREACHABLE_CODE = YES;
				CLANG_WARN__DUPLICATE_METHOD_MATCH = YES;
				COPY_PHASE_STRIP = NO;
				DEBUG_INFORMATION_FORMAT = dwarf;
				ENABLE_STRICT_OBJC_MSGSEND = YES;
				ENABLE_TESTABILITY = YES;
				GCC_C_LANGUAGE_STANDARD = gnu11;
				GCC_DYNAMIC_NO_PIC = NO;
				GCC_NO_COMMON_BLOCKS = YES;
				GCC_OPTIMIZATION_LEVEL = 0;
				GCC_PREPROCESSOR_DEFINITIONS = (
					"DEBUG=1",
					"$(inherited)",
				);
				GCC_WARN_64_TO_32_BIT_CONVERSION = YES;
				GCC_WARN_ABOUT_RETURN_TYPE = YES_ERROR;
				GCC_WARN_UNDECLARED_SELECTOR = YES;
				GCC_WARN_UNINITIALIZED_AUTOS = YES_AGGRESSIVE;
				GCC_WARN_UNUSED_FUNCTION = YES;
				GCC_WARN_UNUSED_VARIABLE = YES;
				IPHONEOS_DEPLOYMENT_TARGET = 16.2;
				MTL_ENABLE_DEBUG_INFO = INCLUDE_SOURCE;
				MTL_FAST_MATH = YES;
				ONLY_ACTIVE_ARCH = YES;
				SDKROOT = iphoneos;
				SWIFT_ACTIVE_COMPILATION_CONDITIONS = DEBUG;
				SWIFT_OPTIMIZATION_LEVEL = "-Onone";
			};
			name = Debug;
		};
		A328A00A29A295AA00736839 /* Release */ = {
			isa = XCBuildConfiguration;
			buildSettings = {
				ALWAYS_SEARCH_USER_PATHS = NO;
				CLANG_ANALYZER_NONNULL = YES;
				CLANG_ANALYZER_NUMBER_OBJECT_CONVERSION = YES_AGGRESSIVE;
				CLANG_CXX_LANGUAGE_STANDARD = "gnu++20";
				CLANG_ENABLE_MODULES = YES;
				CLANG_ENABLE_OBJC_ARC = YES;
				CLANG_ENABLE_OBJC_WEAK = YES;
				CLANG_WARN_BLOCK_CAPTURE_AUTORELEASING = YES;
				CLANG_WARN_BOOL_CONVERSION = YES;
				CLANG_WARN_COMMA = YES;
				CLANG_WARN_CONSTANT_CONVERSION = YES;
				CLANG_WARN_DEPRECATED_OBJC_IMPLEMENTATIONS = YES;
				CLANG_WARN_DIRECT_OBJC_ISA_USAGE = YES_ERROR;
				CLANG_WARN_DOCUMENTATION_COMMENTS = YES;
				CLANG_WARN_EMPTY_BODY = YES;
				CLANG_WARN_ENUM_CONVERSION = YES;
				CLANG_WARN_INFINITE_RECURSION = YES;
				CLANG_WARN_INT_CONVERSION = YES;
				CLANG_WARN_NON_LITERAL_NULL_CONVERSION = YES;
				CLANG_WARN_OBJC_IMPLICIT_RETAIN_SELF = YES;
				CLANG_WARN_OBJC_LITERAL_CONVERSION = YES;
				CLANG_WARN_OBJC_ROOT_CLASS = YES_ERROR;
				CLANG_WARN_QUOTED_INCLUDE_IN_FRAMEWORK_HEADER = YES;
				CLANG_WARN_RANGE_LOOP_ANALYSIS = YES;
				CLANG_WARN_STRICT_PROTOTYPES = YES;
				CLANG_WARN_SUSPICIOUS_MOVE = YES;
				CLANG_WARN_UNGUARDED_AVAILABILITY = YES_AGGRESSIVE;
				CLANG_WARN_UNREACHABLE_CODE = YES;
				CLANG_WARN__DUPLICATE_METHOD_MATCH = YES;
				COPY_PHASE_STRIP = NO;
				DEBUG_INFORMATION_FORMAT = "dwarf-with-dsym";
				ENABLE_NS_ASSERTIONS = NO;
				ENABLE_STRICT_OBJC_MSGSEND = YES;
				GCC_C_LANGUAGE_STANDARD = gnu11;
				GCC_NO_COMMON_BLOCKS = YES;
				GCC_WARN_64_TO_32_BIT_CONVERSION = YES;
				GCC_WARN_ABOUT_RETURN_TYPE = YES_ERROR;
				GCC_WARN_UNDECLARED_SELECTOR = YES;
				GCC_WARN_UNINITIALIZED_AUTOS = YES_AGGRESSIVE;
				GCC_WARN_UNUSED_FUNCTION = YES;
				GCC_WARN_UNUSED_VARIABLE = YES;
				IPHONEOS_DEPLOYMENT_TARGET = 16.2;
				MTL_ENABLE_DEBUG_INFO = NO;
				MTL_FAST_MATH = YES;
				SDKROOT = iphoneos;
				SWIFT_COMPILATION_MODE = wholemodule;
				SWIFT_OPTIMIZATION_LEVEL = "-O";
				VALIDATE_PRODUCT = YES;
			};
			name = Release;
		};
		A328A00C29A295AA00736839 /* Debug */ = {
			isa = XCBuildConfiguration;
			buildSettings = {
				ASSETCATALOG_COMPILER_APPICON_NAME = AppIcon;
				ASSETCATALOG_COMPILER_GLOBAL_ACCENT_COLOR_NAME = AccentColor;
				CODE_SIGN_STYLE = Automatic;
				CURRENT_PROJECT_VERSION = 1;
				DEVELOPMENT_ASSET_PATHS = "\"Campus Map/Preview Content\"";
				DEVELOPMENT_TEAM = N6AXDZJXWJ;
				ENABLE_PREVIEWS = YES;
				GENERATE_INFOPLIST_FILE = YES;
				INFOPLIST_KEY_NSLocationWhenInUseUsageDescription = "We need to track you";
				INFOPLIST_KEY_UIApplicationSceneManifest_Generation = YES;
				INFOPLIST_KEY_UIApplicationSupportsIndirectInputEvents = YES;
				INFOPLIST_KEY_UILaunchScreen_Generation = YES;
				INFOPLIST_KEY_UISupportedInterfaceOrientations_iPad = "UIInterfaceOrientationPortrait UIInterfaceOrientationPortraitUpsideDown UIInterfaceOrientationLandscapeLeft UIInterfaceOrientationLandscapeRight";
				INFOPLIST_KEY_UISupportedInterfaceOrientations_iPhone = "UIInterfaceOrientationPortrait UIInterfaceOrientationLandscapeLeft UIInterfaceOrientationLandscapeRight";
				LD_RUNPATH_SEARCH_PATHS = (
					"$(inherited)",
					"@executable_path/Frameworks",
				);
				MARKETING_VERSION = 1.0;
				PRODUCT_BUNDLE_IDENTIFIER = "edu.psu.tro5079.Campus-Map";
				PRODUCT_NAME = "$(TARGET_NAME)";
				SWIFT_EMIT_LOC_STRINGS = YES;
				SWIFT_VERSION = 5.0;
				TARGETED_DEVICE_FAMILY = "1,2";
			};
			name = Debug;
		};
		A328A00D29A295AA00736839 /* Release */ = {
			isa = XCBuildConfiguration;
			buildSettings = {
				ASSETCATALOG_COMPILER_APPICON_NAME = AppIcon;
				ASSETCATALOG_COMPILER_GLOBAL_ACCENT_COLOR_NAME = AccentColor;
				CODE_SIGN_STYLE = Automatic;
				CURRENT_PROJECT_VERSION = 1;
				DEVELOPMENT_ASSET_PATHS = "\"Campus Map/Preview Content\"";
				DEVELOPMENT_TEAM = N6AXDZJXWJ;
				ENABLE_PREVIEWS = YES;
				GENERATE_INFOPLIST_FILE = YES;
				INFOPLIST_KEY_NSLocationWhenInUseUsageDescription = "We need to track you";
				INFOPLIST_KEY_UIApplicationSceneManifest_Generation = YES;
				INFOPLIST_KEY_UIApplicationSupportsIndirectInputEvents = YES;
				INFOPLIST_KEY_UILaunchScreen_Generation = YES;
				INFOPLIST_KEY_UISupportedInterfaceOrientations_iPad = "UIInterfaceOrientationPortrait UIInterfaceOrientationPortraitUpsideDown UIInterfaceOrientationLandscapeLeft UIInterfaceOrientationLandscapeRight";
				INFOPLIST_KEY_UISupportedInterfaceOrientations_iPhone = "UIInterfaceOrientationPortrait UIInterfaceOrientationLandscapeLeft UIInterfaceOrientationLandscapeRight";
				LD_RUNPATH_SEARCH_PATHS = (
					"$(inherited)",
					"@executable_path/Frameworks",
				);
				MARKETING_VERSION = 1.0;
				PRODUCT_BUNDLE_IDENTIFIER = "edu.psu.tro5079.Campus-Map";
				PRODUCT_NAME = "$(TARGET_NAME)";
				SWIFT_EMIT_LOC_STRINGS = YES;
				SWIFT_VERSION = 5.0;
				TARGETED_DEVICE_FAMILY = "1,2";
			};
			name = Release;
		};
		A328A00F29A295AA00736839 /* Debug */ = {
			isa = XCBuildConfiguration;
			buildSettings = {
				ALWAYS_EMBED_SWIFT_STANDARD_LIBRARIES = YES;
				BUNDLE_LOADER = "$(TEST_HOST)";
				CODE_SIGN_STYLE = Automatic;
				CURRENT_PROJECT_VERSION = 1;
				DEVELOPMENT_TEAM = N6AXDZJXWJ;
				GENERATE_INFOPLIST_FILE = YES;
				IPHONEOS_DEPLOYMENT_TARGET = 16.2;
				MARKETING_VERSION = 1.0;
				PRODUCT_BUNDLE_IDENTIFIER = "edu.psu.tro5079.Campus-MapTests";
				PRODUCT_NAME = "$(TARGET_NAME)";
				SWIFT_EMIT_LOC_STRINGS = NO;
				SWIFT_VERSION = 5.0;
				TARGETED_DEVICE_FAMILY = "1,2";
				TEST_HOST = "$(BUILT_PRODUCTS_DIR)/Campus Map.app/$(BUNDLE_EXECUTABLE_FOLDER_PATH)/Campus Map";
			};
			name = Debug;
		};
		A328A01029A295AA00736839 /* Release */ = {
			isa = XCBuildConfiguration;
			buildSettings = {
				ALWAYS_EMBED_SWIFT_STANDARD_LIBRARIES = YES;
				BUNDLE_LOADER = "$(TEST_HOST)";
				CODE_SIGN_STYLE = Automatic;
				CURRENT_PROJECT_VERSION = 1;
				DEVELOPMENT_TEAM = N6AXDZJXWJ;
				GENERATE_INFOPLIST_FILE = YES;
				IPHONEOS_DEPLOYMENT_TARGET = 16.2;
				MARKETING_VERSION = 1.0;
				PRODUCT_BUNDLE_IDENTIFIER = "edu.psu.tro5079.Campus-MapTests";
				PRODUCT_NAME = "$(TARGET_NAME)";
				SWIFT_EMIT_LOC_STRINGS = NO;
				SWIFT_VERSION = 5.0;
				TARGETED_DEVICE_FAMILY = "1,2";
				TEST_HOST = "$(BUILT_PRODUCTS_DIR)/Campus Map.app/$(BUNDLE_EXECUTABLE_FOLDER_PATH)/Campus Map";
			};
			name = Release;
		};
		A328A01229A295AA00736839 /* Debug */ = {
			isa = XCBuildConfiguration;
			buildSettings = {
				ALWAYS_EMBED_SWIFT_STANDARD_LIBRARIES = YES;
				CODE_SIGN_STYLE = Automatic;
				CURRENT_PROJECT_VERSION = 1;
				DEVELOPMENT_TEAM = N6AXDZJXWJ;
				GENERATE_INFOPLIST_FILE = YES;
				MARKETING_VERSION = 1.0;
				PRODUCT_BUNDLE_IDENTIFIER = "edu.psu.tro5079.Campus-MapUITests";
				PRODUCT_NAME = "$(TARGET_NAME)";
				SWIFT_EMIT_LOC_STRINGS = NO;
				SWIFT_VERSION = 5.0;
				TARGETED_DEVICE_FAMILY = "1,2";
				TEST_TARGET_NAME = "Campus Map";
			};
			name = Debug;
		};
		A328A01329A295AA00736839 /* Release */ = {
			isa = XCBuildConfiguration;
			buildSettings = {
				ALWAYS_EMBED_SWIFT_STANDARD_LIBRARIES = YES;
				CODE_SIGN_STYLE = Automatic;
				CURRENT_PROJECT_VERSION = 1;
				DEVELOPMENT_TEAM = N6AXDZJXWJ;
				GENERATE_INFOPLIST_FILE = YES;
				MARKETING_VERSION = 1.0;
				PRODUCT_BUNDLE_IDENTIFIER = "edu.psu.tro5079.Campus-MapUITests";
				PRODUCT_NAME = "$(TARGET_NAME)";
				SWIFT_EMIT_LOC_STRINGS = NO;
				SWIFT_VERSION = 5.0;
				TARGETED_DEVICE_FAMILY = "1,2";
				TEST_TARGET_NAME = "Campus Map";
			};
			name = Release;
		};
/* End XCBuildConfiguration section */

/* Begin XCConfigurationList section */
		A3289FE229A295AA00736839 /* Build configuration list for PBXProject "Campus Map" */ = {
			isa = XCConfigurationList;
			buildConfigurations = (
				A328A00929A295AA00736839 /* Debug */,
				A328A00A29A295AA00736839 /* Release */,
			);
			defaultConfigurationIsVisible = 0;
			defaultConfigurationName = Release;
		};
		A328A00B29A295AA00736839 /* Build configuration list for PBXNativeTarget "Campus Map" */ = {
			isa = XCConfigurationList;
			buildConfigurations = (
				A328A00C29A295AA00736839 /* Debug */,
				A328A00D29A295AA00736839 /* Release */,
			);
			defaultConfigurationIsVisible = 0;
			defaultConfigurationName = Release;
		};
		A328A00E29A295AA00736839 /* Build configuration list for PBXNativeTarget "Campus MapTests" */ = {
			isa = XCConfigurationList;
			buildConfigurations = (
				A328A00F29A295AA00736839 /* Debug */,
				A328A01029A295AA00736839 /* Release */,
			);
			defaultConfigurationIsVisible = 0;
			defaultConfigurationName = Release;
		};
		A328A01129A295AA00736839 /* Build configuration list for PBXNativeTarget "Campus MapUITests" */ = {
			isa = XCConfigurationList;
			buildConfigurations = (
				A328A01229A295AA00736839 /* Debug */,
				A328A01329A295AA00736839 /* Release */,
			);
			defaultConfigurationIsVisible = 0;
			defaultConfigurationName = Release;
		};
/* End XCConfigurationList section */
	};
	rootObject = A3289FDF29A295AA00736839 /* Project object */;
}
